
Microsoft Visual Studio Solution File, Format Version 12.00
# Visual Studio Version 17
VisualStudioVersion = 17.1.32210.238
MinimumVisualStudioVersion = 10.0.40219.1
Project("{FAE04EC0-301F-11D3-BF4B-00C04F79EFBC}") = "MIDIAAPP", "MIDIAAPP\MIDIAAPP.csproj", "{E417BC76-E64E-43C6-8C21-50405AE25617}"
EndProject
Global
	GlobalSection(SolutionConfigurationPlatforms) = preSolution
		Debug|Any CPU = Debug|Any CPU
		Release|Any CPU = Release|Any CPU
	EndGlobalSection
	GlobalSection(ProjectConfigurationPlatforms) = postSolution
		{E417BC76-E64E-43C6-8C21-50405AE25617}.Debug|Any CPU.ActiveCfg = Debug|Any CPU
		{E417BC76-E64E-43C6-8C21-50405AE25617}.Debug|Any CPU.Build.0 = Debug|Any CPU
		{E417BC76-E64E-43C6-8C21-50405AE25617}.Release|Any CPU.ActiveCfg = Release|Any CPU
		{E417BC76-E64E-43C6-8C21-50405AE25617}.Release|Any CPU.Build.0 = Release|Any CPU
	EndGlobalSection
	GlobalSection(SolutionProperties) = preSolution
		HideSolutionNode = FALSE
	EndGlobalSection
	GlobalSection(ExtensibilityGlobals) = postSolution
		SolutionGuid = {E8E91153-F108-4067-ADC0-50BBCC4AC5A5}
	EndGlobalSection
EndGlobal
